
Microsoft Visual Studio Solution File, Format Version 12.00
# Visual Studio Version 17
VisualStudioVersion = 17.6.33723.286
MinimumVisualStudioVersion = 10.0.40219.1
Project("{9A19103F-16F7-4668-BE54-9A1E7A4F7556}") = "T-shirt_shop", "T-shirt_shop\T-shirt_shop.csproj", "{B5A5B1CB-CBE3-406E-A3BF-A1B6DB7A3630}"
EndProject
Project("{2150E333-8FDC-42A3-9474-1A3956D46DE8}") = "Data", "Data", "{DAC9FF8A-F6D6-4CD8-ADE7-508057660CBD}"
EndProject
Project("{2150E333-8FDC-42A3-9474-1A3956D46DE8}") = "Web", "Web", "{D3650B43-3648-42D0-BF45-2ADBD8E388DC}"
EndProject
Project("{9A19103F-16F7-4668-BE54-9A1E7A4F7556}") = "T-shirt.Data", "T-shirt.Data\T-shirt.Data.csproj", "{C8AD7C4E-9B47-4508-BBD2-A7CD93FB2DC4}"
EndProject
Project("{9A19103F-16F7-4668-BE54-9A1E7A4F7556}") = "T-shirt.Data.Models", "T-shirt.Data.Models\T-shirt.Data.Models.csproj", "{90A17DB1-0D49-475B-A03D-2C02B7D945B8}"
EndProject
Project("{FAE04EC0-301F-11D3-BF4B-00C04F79EFBC}") = "TestProject", "TestProject\TestProject.csproj", "{FD8AA992-4497-42DE-ACD4-88628ECFB40B}"
EndProject
Global
	GlobalSection(SolutionConfigurationPlatforms) = preSolution
		Debug|Any CPU = Debug|Any CPU
		Release|Any CPU = Release|Any CPU
	EndGlobalSection
	GlobalSection(ProjectConfigurationPlatforms) = postSolution
		{B5A5B1CB-CBE3-406E-A3BF-A1B6DB7A3630}.Debug|Any CPU.ActiveCfg = Debug|Any CPU
		{B5A5B1CB-CBE3-406E-A3BF-A1B6DB7A3630}.Debug|Any CPU.Build.0 = Debug|Any CPU
		{B5A5B1CB-CBE3-406E-A3BF-A1B6DB7A3630}.Release|Any CPU.ActiveCfg = Release|Any CPU
		{B5A5B1CB-CBE3-406E-A3BF-A1B6DB7A3630}.Release|Any CPU.Build.0 = Release|Any CPU
		{C8AD7C4E-9B47-4508-BBD2-A7CD93FB2DC4}.Debug|Any CPU.ActiveCfg = Debug|Any CPU
		{C8AD7C4E-9B47-4508-BBD2-A7CD93FB2DC4}.Debug|Any CPU.Build.0 = Debug|Any CPU
		{C8AD7C4E-9B47-4508-BBD2-A7CD93FB2DC4}.Release|Any CPU.ActiveCfg = Release|Any CPU
		{C8AD7C4E-9B47-4508-BBD2-A7CD93FB2DC4}.Release|Any CPU.Build.0 = Release|Any CPU
		{90A17DB1-0D49-475B-A03D-2C02B7D945B8}.Debug|Any CPU.ActiveCfg = Debug|Any CPU
		{90A17DB1-0D49-475B-A03D-2C02B7D945B8}.Debug|Any CPU.Build.0 = Debug|Any CPU
		{90A17DB1-0D49-475B-A03D-2C02B7D945B8}.Release|Any CPU.ActiveCfg = Release|Any CPU
		{90A17DB1-0D49-475B-A03D-2C02B7D945B8}.Release|Any CPU.Build.0 = Release|Any CPU
		{FD8AA992-4497-42DE-ACD4-88628ECFB40B}.Debug|Any CPU.ActiveCfg = Debug|Any CPU
		{FD8AA992-4497-42DE-ACD4-88628ECFB40B}.Debug|Any CPU.Build.0 = Debug|Any CPU
		{FD8AA992-4497-42DE-ACD4-88628ECFB40B}.Release|Any CPU.ActiveCfg = Release|Any CPU
		{FD8AA992-4497-42DE-ACD4-88628ECFB40B}.Release|Any CPU.Build.0 = Release|Any CPU
	EndGlobalSection
	GlobalSection(SolutionProperties) = preSolution
		HideSolutionNode = FALSE
	EndGlobalSection
	GlobalSection(NestedProjects) = preSolution
		{B5A5B1CB-CBE3-406E-A3BF-A1B6DB7A3630} = {D3650B43-3648-42D0-BF45-2ADBD8E388DC}
		{C8AD7C4E-9B47-4508-BBD2-A7CD93FB2DC4} = {DAC9FF8A-F6D6-4CD8-ADE7-508057660CBD}
		{90A17DB1-0D49-475B-A03D-2C02B7D945B8} = {DAC9FF8A-F6D6-4CD8-ADE7-508057660CBD}
	EndGlobalSection
	GlobalSection(ExtensibilityGlobals) = postSolution
		SolutionGuid = {CAA3B64C-3D38-4A16-8023-F3D1DC6DAF6D}
	EndGlobalSection
EndGlobal
